
Microsoft Visual Studio Solution File, Format Version 12.00
# Visual Studio Version 17
VisualStudioVersion = 17.3.32519.111
MinimumVisualStudioVersion = 10.0.40219.1
Project("{9A19103F-16F7-4668-BE54-9A1E7A4F7556}") = "JiuLing.Controls.Maui", "src\JiuLing.Controls.Maui.csproj", "{B9CDD088-D47E-41CA-B510-B794BD0C0CC0}"
EndProject
Global
	GlobalSection(SolutionConfigurationPlatforms) = preSolution
		Debug|Any CPU = Debug|Any CPU
		Release|Any CPU = Release|Any CPU
	EndGlobalSection
	GlobalSection(ProjectConfigurationPlatforms) = postSolution
		{B9CDD088-D47E-41CA-B510-B794BD0C0CC0}.Debug|Any CPU.ActiveCfg = Debug|Any CPU
		{B9CDD088-D47E-41CA-B510-B794BD0C0CC0}.Debug|Any CPU.Build.0 = Debug|Any CPU
		{B9CDD088-D47E-41CA-B510-B794BD0C0CC0}.Release|Any CPU.ActiveCfg = Release|Any CPU
		{B9CDD088-D47E-41CA-B510-B794BD0C0CC0}.Release|Any CPU.Build.0 = Release|Any CPU
	EndGlobalSection
	GlobalSection(SolutionProperties) = preSolution
		HideSolutionNode = FALSE
	EndGlobalSection
	GlobalSection(ExtensibilityGlobals) = postSolution
		SolutionGuid = {79AD8EE9-4774-4F02-B0B3-2EE43A17F13E}
	EndGlobalSection
EndGlobal
